// !$*UTF8*$!
{
	archiveVersion = 1;
	classes = {
	};
	objectVersion = 50;
	objects = {

/* Begin PBXBuildFile section */
		93AB0825243BBE6E00540783 /* AppDelegate.swift in Sources */ = {isa = PBXBuildFile; fileRef = 93AB0824243BBE6E00540783 /* AppDelegate.swift */; };
		93AB0827243BBE6E00540783 /* SceneDelegate.swift in Sources */ = {isa = PBXBuildFile; fileRef = 93AB0826243BBE6E00540783 /* SceneDelegate.swift */; };
		93AB0829243BBE6E00540783 /* ContentView.swift in Sources */ = {isa = PBXBuildFile; fileRef = 93AB0828243BBE6E00540783 /* ContentView.swift */; };
		93AB082B243BBE7500540783 /* Assets.xcassets in Resources */ = {isa = PBXBuildFile; fileRef = 93AB082A243BBE7500540783 /* Assets.xcassets */; };
		93AB082E243BBE7500540783 /* Preview Assets.xcassets in Resources */ = {isa = PBXBuildFile; fileRef = 93AB082D243BBE7500540783 /* Preview Assets.xcassets */; };
		93AB0831243BBE7500540783 /* LaunchScreen.storyboard in Resources */ = {isa = PBXBuildFile; fileRef = 93AB082F243BBE7500540783 /* LaunchScreen.storyboard */; };
		93AB0839243BC23600540783 /* Snake.swift in Sources */ = {isa = PBXBuildFile; fileRef = 93AB0838243BC23600540783 /* Snake.swift */; };
		93AB083B243BC91D00540783 /* SnakeView.swift in Sources */ = {isa = PBXBuildFile; fileRef = 93AB083A243BC91D00540783 /* SnakeView.swift */; };
/* End PBXBuildFile section */

/* Begin PBXFileReference section */
		93AB0821243BBE6E00540783 /* RetroNokia.app */ = {isa = PBXFileReference; explicitFileType = wrapper.application; includeInIndex = 0; path = RetroNokia.app; sourceTree = BUILT_PRODUCTS_DIR; };
		93AB0824243BBE6E00540783 /* AppDelegate.swift */ = {isa = PBXFileReference; lastKnownFileType = sourcecode.swift; path = AppDelegate.swift; sourceTree = "<group>"; };
		93AB0826243BBE6E00540783 /* SceneDelegate.swift */ = {isa = PBXFileReference; lastKnownFileType = sourcecode.swift; path = SceneDelegate.swift; sourceTree = "<group>"; };
		93AB0828243BBE6E00540783 /* ContentView.swift */ = {isa = PBXFileReference; lastKnownFileType = sourcecode.swift; path = ContentView.swift; sourceTree = "<group>"; };
		93AB082A243BBE7500540783 /* Assets.xcassets */ = {isa = PBXFileReference; lastKnownFileType = folder.assetcatalog; path = Assets.xcassets; sourceTree = "<group>"; };
		93AB082D243BBE7500540783 /* Preview Assets.xcassets */ = {isa = PBXFileReference; lastKnownFileType = folder.assetcatalog; path = "Preview Assets.xcassets"; sourceTree = "<group>"; };
		93AB0830243BBE7500540783 /* Base */ = {isa = PBXFileReference; lastKnownFileType = file.storyboard; name = Base; path = Base.lproj/LaunchScreen.storyboard; sourceTree = "<group>"; };
		93AB0832243BBE7500540783 /* Info.plist */ = {isa = PBXFileReference; lastKnownFileType = text.plist.xml; path = Info.plist; sourceTree = "<group>"; };
		93AB0838243BC23600540783 /* Snake.swift */ = {isa = PBXFileReference; lastKnownFileType = sourcecode.swift; path = Snake.swift; sourceTree = "<group>"; };
		93AB083A243BC91D00540783 /* SnakeView.swift */ = {isa = PBXFileReference; lastKnownFileType = sourcecode.swift; path = SnakeView.swift; sourceTree = "<group>"; };
/* End PBXFileReference section */

/* Begin PBXFrameworksBuildPhase section */
		93AB081E243BBE6E00540783 /* Frameworks */ = {
			isa = PBXFrameworksBuildPhase;
			buildActionMask = 2147483647;
			files = (
			);
			runOnlyForDeploymentPostprocessing = 0;
		};
/* End PBXFrameworksBuildPhase section */

/* Begin PBXGroup section */
		93AB0818243BBE6E00540783 = {
			isa = PBXGroup;
			children = (
				93AB0823243BBE6E00540783 /* RetroNokia */,
				93AB0822243BBE6E00540783 /* Products */,
			);
			sourceTree = "<group>";
		};
		93AB0822243BBE6E00540783 /* Products */ = {
			isa = PBXGroup;
			children = (
				93AB0821243BBE6E00540783 /* RetroNokia.app */,
			);
			name = Products;
			sourceTree = "<group>";
		};
		93AB0823243BBE6E00540783 /* RetroNokia */ = {
			isa = PBXGroup;
			children = (
				93AB0824243BBE6E00540783 /* AppDelegate.swift */,
				93AB0826243BBE6E00540783 /* SceneDelegate.swift */,
				93AB0828243BBE6E00540783 /* ContentView.swift */,
				93AB083A243BC91D00540783 /* SnakeView.swift */,
				93AB0838243BC23600540783 /* Snake.swift */,
				93AB082A243BBE7500540783 /* Assets.xcassets */,
				93AB082F243BBE7500540783 /* LaunchScreen.storyboard */,
				93AB0832243BBE7500540783 /* Info.plist */,
				93AB082C243BBE7500540783 /* Preview Content */,
			);
			path = RetroNokia;
			sourceTree = "<group>";
		};
		93AB082C243BBE7500540783 /* Preview Content */ = {
			isa = PBXGroup;
			children = (
				93AB082D243BBE7500540783 /* Preview Assets.xcassets */,
			);
			path = "Preview Content";
			sourceTree = "<group>";
		};
/* End PBXGroup section */

/* Begin PBXNativeTarget section */
		93AB0820243BBE6E00540783 /* RetroNokia */ = {
			isa = PBXNativeTarget;
			buildConfigurationList = 93AB0835243BBE7500540783 /* Build configuration list for PBXNativeTarget "RetroNokia" */;
			buildPhases = (
				93AB081D243BBE6E00540783 /* Sources */,
				93AB081E243BBE6E00540783 /* Frameworks */,
				93AB081F243BBE6E00540783 /* Resources */,
			);
			buildRules = (
			);
			dependencies = (
			);
			name = RetroNokia;
			productName = RetroNokia;
			productReference = 93AB0821243BBE6E00540783 /* RetroNokia.app */;
			productType = "com.apple.product-type.application";
		};
/* End PBXNativeTarget section */

/* Begin PBXProject section */
		93AB0819243BBE6E00540783 /* Project object */ = {
			isa = PBXProject;
			attributes = {
				LastSwiftUpdateCheck = 1140;
				LastUpgradeCheck = 1140;
				ORGANIZATIONNAME = "Vladimir Tanev";
				TargetAttributes = {
					93AB0820243BBE6E00540783 = {
						CreatedOnToolsVersion = 11.4;
					};
				};
			};
			buildConfigurationList = 93AB081C243BBE6E00540783 /* Build configuration list for PBXProject "RetroNokia" */;
			compatibilityVersion = "Xcode 9.3";
			developmentRegion = en;
			hasScannedForEncodings = 0;
			knownRegions = (
				en,
				Base,
			);
			mainGroup = 93AB0818243BBE6E00540783;
			productRefGroup = 93AB0822243BBE6E00540783 /* Products */;
			projectDirPath = "";
			projectRoot = "";
			targets = (
				93AB0820243BBE6E00540783 /* RetroNokia */,
			);
		};
/* End PBXProject section */

/* Begin PBXResourcesBuildPhase section */
		93AB081F243BBE6E00540783 /* Resources */ = {
			isa = PBXResourcesBuildPhase;
			buildActionMask = 2147483647;
			files = (
				93AB0831243BBE7500540783 /* LaunchScreen.storyboard in Resources */,
				93AB082E243BBE7500540783 /* Preview Assets.xcassets in Resources */,
				93AB082B243BBE7500540783 /* Assets.xcassets in Resources */,
			);
			runOnlyForDeploymentPostprocessing = 0;
		};
/* End PBXResourcesBuildPhase section */

/* Begin PBXSourcesBuildPhase section */
		93AB081D243BBE6E00540783 /* Sources */ = {
			isa = PBXSourcesBuildPhase;
			buildActionMask = 2147483647;
			files = (
				93AB083B243BC91D00540783 /* SnakeView.swift in Sources */,
				93AB0839243BC23600540783 /* Snake.swift in Sources */,
				93AB0825243BBE6E00540783 /* AppDelegate.swift in Sources */,
				93AB0827243BBE6E00540783 /* SceneDelegate.swift in Sources */,
				93AB0829243BBE6E00540783 /* ContentView.swift in Sources */,
			);
			runOnlyForDeploymentPostprocessing = 0;
		};
/* End PBXSourcesBuildPhase section */

/* Begin PBXVariantGroup section */
		93AB082F243BBE7500540783 /* LaunchScreen.storyboard */ = {
			isa = PBXVariantGroup;
			children = (
				93AB0830243BBE7500540783 /* Base */,
			);
			name = LaunchScreen.storyboard;
			sourceTree = "<group>";
		};
/* End PBXVariantGroup section */

/* Begin XCBuildConfiguration section */
		93AB0833243BBE7500540783 /* Debug */ = {
			isa = XCBuildConfiguration;
			buildSettings = {
				ALWAYS_SEARCH_USER_PATHS = NO;
				CLANG_ANALYZER_NONNULL = YES;
				CLANG_ANALYZER_NUMBER_OBJECT_CONVERSION = YES_AGGRESSIVE;
				CLANG_CXX_LANGUAGE_STANDARD = "gnu++14";
				CLANG_CXX_LIBRARY = "libc++";
				CLANG_ENABLE_MODULES = YES;
				CLANG_ENABLE_OBJC_ARC = YES;
				CLANG_ENABLE_OBJC_WEAK = YES;
				CLANG_WARN_BLOCK_CAPTURE_AUTORELEASING = YES;
				CLANG_WARN_BOOL_CONVERSION = YES;
				CLANG_WARN_COMMA = YES;
				CLANG_WARN_CONSTANT_CONVERSION = YES;
				CLANG_WARN_DEPRECATED_OBJC_IMPLEMENTATIONS = YES;
				CLANG_WARN_DIRECT_OBJC_ISA_USAGE = YES_ERROR;
				CLANG_WARN_DOCUMENTATION_COMMENTS = YES;
				CLANG_WARN_EMPTY_BODY = YES;
				CLANG_WARN_ENUM_CONVERSION = YES;
				CLANG_WARN_INFINITE_RECURSION = YES;
				CLANG_WARN_INT_CONVERSION = YES;
				CLANG_WARN_NON_LITERAL_NULL_CONVERSION = YES;
				CLANG_WARN_OBJC_IMPLICIT_RETAIN_SELF = YES;
				CLANG_WARN_OBJC_LITERAL_CONVERSION = YES;
				CLANG_WARN_OBJC_ROOT_CLASS = YES_ERROR;
				CLANG_WARN_RANGE_LOOP_ANALYSIS = YES;
				CLANG_WARN_STRICT_PROTOTYPES = YES;
				CLANG_WARN_SUSPICIOUS_MOVE = YES;
				CLANG_WARN_UNGUARDED_AVAILABILITY = YES_AGGRESSIVE;
				CLANG_WARN_UNREACHABLE_CODE = YES;
				CLANG_WARN__DUPLICATE_METHOD_MATCH = YES;
				COPY_PHASE_STRIP = NO;
				DEBUG_INFORMATION_FORMAT = dwarf;
				ENABLE_STRICT_OBJC_MSGSEND = YES;
				ENABLE_TESTABILITY = YES;
				GCC_C_LANGUAGE_STANDARD = gnu11;
				GCC_DYNAMIC_NO_PIC = NO;
				GCC_NO_COMMON_BLOCKS = YES;
				GCC_OPTIMIZATION_LEVEL = 0;
				GCC_PREPROCESSOR_DEFINITIONS = (
					"DEBUG=1",
					"$(inherited)",
				);
				GCC_WARN_64_TO_32_BIT_CONVERSION = YES;
				GCC_WARN_ABOUT_RETURN_TYPE = YES_ERROR;
				GCC_WARN_UNDECLARED_SELECTOR = YES;
				GCC_WARN_UNINITIALIZED_AUTOS = YES_AGGRESSIVE;
				GCC_WARN_UNUSED_FUNCTION = YES;
				GCC_WARN_UNUSED_VARIABLE = YES;
				IPHONEOS_DEPLOYMENT_TARGET = 13.4;
				MTL_ENABLE_DEBUG_INFO = INCLUDE_SOURCE;
				MTL_FAST_MATH = YES;
				ONLY_ACTIVE_ARCH = YES;
				SDKROOT = iphoneos;
				SWIFT_ACTIVE_COMPILATION_CONDITIONS = DEBUG;
				SWIFT_OPTIMIZATION_LEVEL = "-Onone";
			};
			name = Debug;
		};
		93AB0834243BBE7500540783 /* Release */ = {
			isa = XCBuildConfiguration;
			buildSettings = {
				ALWAYS_SEARCH_USER_PATHS = NO;
				CLANG_ANALYZER_NONNULL = YES;
				CLANG_ANALYZER_NUMBER_OBJECT_CONVERSION = YES_AGGRESSIVE;
				CLANG_CXX_LANGUAGE_STANDARD = "gnu++14";
				CLANG_CXX_LIBRARY = "libc++";
				CLANG_ENABLE_MODULES = YES;
				CLANG_ENABLE_OBJC_ARC = YES;
				CLANG_ENABLE_OBJC_WEAK = YES;
				CLANG_WARN_BLOCK_CAPTURE_AUTORELEASING = YES;
				CLANG_WARN_BOOL_CONVERSION = YES;
				CLANG_WARN_COMMA = YES;
				CLANG_WARN_CONSTANT_CONVERSION = YES;
				CLANG_WARN_DEPRECATED_OBJC_IMPLEMENTATIONS = YES;
				CLANG_WARN_DIRECT_OBJC_ISA_USAGE = YES_ERROR;
				CLANG_WARN_DOCUMENTATION_COMMENTS = YES;
				CLANG_WARN_EMPTY_BODY = YES;
				CLANG_WARN_ENUM_CONVERSION = YES;
				CLANG_WARN_INFINITE_RECURSION = YES;
				CLANG_WARN_INT_CONVERSION = YES;
				CLANG_WARN_NON_LITERAL_NULL_CONVERSION = YES;
				CLANG_WARN_OBJC_IMPLICIT_RETAIN_SELF = YES;
				CLANG_WARN_OBJC_LITERAL_CONVERSION = YES;
				CLANG_WARN_OBJC_ROOT_CLASS = YES_ERROR;
				CLANG_WARN_RANGE_LOOP_ANALYSIS = YES;
				CLANG_WARN_STRICT_PROTOTYPES = YES;
				CLANG_WARN_SUSPICIOUS_MOVE = YES;
				CLANG_WARN_UNGUARDED_AVAILABILITY = YES_AGGRESSIVE;
				CLANG_WARN_UNREACHABLE_CODE = YES;
				CLANG_WARN__DUPLICATE_METHOD_MATCH = YES;
				COPY_PHASE_STRIP = NO;
				DEBUG_INFORMATION_FORMAT = "dwarf-with-dsym";
				ENABLE_NS_ASSERTIONS = NO;
				ENABLE_STRICT_OBJC_MSGSEND = YES;
				GCC_C_LANGUAGE_STANDARD = gnu11;
				GCC_NO_COMMON_BLOCKS = YES;
				GCC_WARN_64_TO_32_BIT_CONVERSION = YES;
				GCC_WARN_ABOUT_RETURN_TYPE = YES_ERROR;
				GCC_WARN_UNDECLARED_SELECTOR = YES;
				GCC_WARN_UNINITIALIZED_AUTOS = YES_AGGRESSIVE;
				GCC_WARN_UNUSED_FUNCTION = YES;
				GCC_WARN_UNUSED_VARIABLE = YES;
				IPHONEOS_DEPLOYMENT_TARGET = 13.4;
				MTL_ENABLE_DEBUG_INFO = NO;
				MTL_FAST_MATH = YES;
				SDKROOT = iphoneos;
				SWIFT_COMPILATION_MODE = wholemodule;
				SWIFT_OPTIMIZATION_LEVEL = "-O";
				VALIDATE_PRODUCT = YES;
			};
			name = Release;
		};
		93AB0836243BBE7500540783 /* Debug */ = {
			isa = XCBuildConfiguration;
			buildSettings = {
				ASSETCATALOG_COMPILER_APPICON_NAME = AppIcon;
				CODE_SIGN_STYLE = Automatic;
				DEVELOPMENT_ASSET_PATHS = "\"RetroNokia/Preview Content\"";
				DEVELOPMENT_TEAM = 9EHZTC23KL;
				ENABLE_PREVIEWS = YES;
				INFOPLIST_FILE = RetroNokia/Info.plist;
				IPHONEOS_DEPLOYMENT_TARGET = 13.0;
				LD_RUNPATH_SEARCH_PATHS = (
					"$(inherited)",
					"@executable_path/Frameworks",
				);
				PRODUCT_BUNDLE_IDENTIFIER = com.vladimirTanev.RetroNokia;
				PRODUCT_NAME = "$(TARGET_NAME)";
				SWIFT_VERSION = 5.0;
				TARGETED_DEVICE_FAMILY = 1;
			};
			name = Debug;
		};
		93AB0837243BBE7500540783 /* Release */ = {
			isa = XCBuildConfiguration;
			buildSettings = {
				ASSETCATALOG_COMPILER_APPICON_NAME = AppIcon;
				CODE_SIGN_STYLE = Automatic;
				DEVELOPMENT_ASSET_PATHS = "\"RetroNokia/Preview Content\"";
				DEVELOPMENT_TEAM = 9EHZTC23KL;
				ENABLE_PREVIEWS = YES;
				INFOPLIST_FILE = RetroNokia/Info.plist;
				IPHONEOS_DEPLOYMENT_TARGET = 13.0;
				LD_RUNPATH_SEARCH_PATHS = (
					"$(inherited)",
					"@executable_path/Frameworks",
				);
				PRODUCT_BUNDLE_IDENTIFIER = com.vladimirTanev.RetroNokia;
				PRODUCT_NAME = "$(TARGET_NAME)";
				SWIFT_VERSION = 5.0;
				TARGETED_DEVICE_FAMILY = 1;
			};
			name = Release;
		};
/* End XCBuildConfiguration section */

/* Begin XCConfigurationList section */
		93AB081C243BBE6E00540783 /* Build configuration list for PBXProject "RetroNokia" */ = {
			isa = XCConfigurationList;
			buildConfigurations = (
				93AB0833243BBE7500540783 /* Debug */,
				93AB0834243BBE7500540783 /* Release */,
			);
			defaultConfigurationIsVisible = 0;
			defaultConfigurationName = Release;
		};
		93AB0835243BBE7500540783 /* Build configuration list for PBXNativeTarget "RetroNokia" */ = {
			isa = XCConfigurationList;
			buildConfigurations = (
				93AB0836243BBE7500540783 /* Debug */,
				93AB0837243BBE7500540783 /* Release */,
			);
			defaultConfigurationIsVisible = 0;
			defaultConfigurationName = Release;
		};
/* End XCConfigurationList section */
	};
	rootObject = 93AB0819243BBE6E00540783 /* Project object */;
}
